Microsoft Visual Studio Solution File, Format Version 12.00
# Visual Studio Version 17
VisualStudioVersion = 17.5.2.0
MinimumVisualStudioVersion = 10.0.40219.1
Project("{FAE04EC0-301F-11D3-BF4B-00C04F79EFBC}") = "coordenadas", "coordenadas.csproj", "{2FF790A0-F498-B5AB-4B39-784DA5B37CBD}"
EndProject
Global
	GlobalSection(SolutionConfigurationPlatforms) = preSolution
		Debug|Any CPU = Debug|Any CPU
		Release|Any CPU = Release|Any CPU
	EndGlobalSection
	GlobalSection(ProjectConfigurationPlatforms) = postSolution
		{2FF790A0-F498-B5AB-4B39-784DA5B37CBD}.Debug|Any CPU.ActiveCfg = Debug|Any CPU
		{2FF790A0-F498-B5AB-4B39-784DA5B37CBD}.Debug|Any CPU.Build.0 = Debug|Any CPU
		{2FF790A0-F498-B5AB-4B39-784DA5B37CBD}.Release|Any CPU.ActiveCfg = Release|Any CPU
		{2FF790A0-F498-B5AB-4B39-784DA5B37CBD}.Release|Any CPU.Build.0 = Release|Any CPU
	EndGlobalSection
	GlobalSection(SolutionProperties) = preSolution
		HideSolutionNode = FALSE
	EndGlobalSection
	GlobalSection(ExtensibilityGlobals) = postSolution
		SolutionGuid = {E31C98A3-C982-4037-A0F9-92F5BC4105B6}
	EndGlobalSection
EndGlobal
